
Microsoft Visual Studio Solution File, Format Version 12.00
# Visual Studio 14
VisualStudioVersion = 14.0.25420.1
MinimumVisualStudioVersion = 10.0.40219.1
Project("{FAE04EC0-301F-11D3-BF4B-00C04F79EFBC}") = "ConsoleCalculator", "ConsoleCalculator\ConsoleCalculator.csproj", "{3BE29D4F-0BDC-48E2-867D-873D0E7CA8FA}"
EndProject
Project("{FAE04EC0-301F-11D3-BF4B-00C04F79EFBC}") = "ConsoleCalculator.Test.Unit", "ConsoleCalculator.Test.Unit\ConsoleCalculator.Test.Unit.csproj", "{2EF9984D-529B-4DBE-A235-2B9568D264AF}"
EndProject
Global
	GlobalSection(SolutionConfigurationPlatforms) = preSolution
		Debug|Any CPU = Debug|Any CPU
		Release|Any CPU = Release|Any CPU
	EndGlobalSection
	GlobalSection(ProjectConfigurationPlatforms) = postSolution
		{3BE29D4F-0BDC-48E2-867D-873D0E7CA8FA}.Debug|Any CPU.ActiveCfg = Debug|Any CPU
		{3BE29D4F-0BDC-48E2-867D-873D0E7CA8FA}.Debug|Any CPU.Build.0 = Debug|Any CPU
		{3BE29D4F-0BDC-48E2-867D-873D0E7CA8FA}.Release|Any CPU.ActiveCfg = Release|Any CPU
		{3BE29D4F-0BDC-48E2-867D-873D0E7CA8FA}.Release|Any CPU.Build.0 = Release|Any CPU
		{2EF9984D-529B-4DBE-A235-2B9568D264AF}.Debug|Any CPU.ActiveCfg = Debug|Any CPU
		{2EF9984D-529B-4DBE-A235-2B9568D264AF}.Debug|Any CPU.Build.0 = Debug|Any CPU
		{2EF9984D-529B-4DBE-A235-2B9568D264AF}.Release|Any CPU.ActiveCfg = Release|Any CPU
		{2EF9984D-529B-4DBE-A235-2B9568D264AF}.Release|Any CPU.Build.0 = Release|Any CPU
	EndGlobalSection
	GlobalSection(SolutionProperties) = preSolution
		HideSolutionNode = FALSE
	EndGlobalSection
EndGlobal
